# This file is automatically @generated by Poetry 1.4.0 and should not be changed by hand.

[[package]]
name = "polars"
version = "0.16.18"
description = "Blazingly fast DataFrame library"
category = "main"
optional = false
python-versions = ">=3.7"
files = [
    {file = "polars-0.16.18-cp37-abi3-macosx_10_7_x86_64.whl", hash = "sha256:ee471d3f79daf93e7b0a5412a25473fdc27b59caa05d3baeb786e2022f0e16b0"},
    {file = "polars-0.16.18-cp37-abi3-macosx_11_0_arm64.whl", hash = "sha256:bee894337be02706056e17248a361d8b2aeb59971ddc04d0a2be2df568977846"},
    {file = "polars-0.16.18-cp37-abi3-manylinux_2_17_aarch64.manylinux2014_aarch64.whl", hash = "sha256:674645118122c0ddd93668735d736a080290f5d2de1ea9a751f3639a331a4784"},
    {file = "polars-0.16.18-cp37-abi3-manylinux_2_17_x86_64.manylinux2014_x86_64.whl", hash = "sha256:ed6d2b07a43baf1563a68beb88b9a561f41967815fd57c9682aaac4502ee4499"},
    {file = "polars-0.16.18-cp37-abi3-win_amd64.whl", hash = "sha256:eaeba3902d6a412eb2986c2477387cc400f1502abd22cf79b2cc32b435d8abe4"},
    {file = "polars-0.16.18.tar.gz", hash = "sha256:221125b1e1d043d13d889c336ba1f592ed8f150ec06124067e72e40600b3c96a"},
]

[package.dependencies]
typing_extensions = {version = ">=4.0.1", markers = "python_version < \"3.11\""}

[package.extras]
all = ["polars[connectorx,deltalake,fsspec,matplotlib,numpy,pandas,pyarrow,sqlalchemy,timezone,xlsx2csv,xlsxwriter]"]
connectorx = ["connectorx"]
deltalake = ["deltalake (>=0.8.0)"]
fsspec = ["fsspec"]
matplotlib = ["matplotlib"]
numpy = ["numpy (>=1.16.0)"]
pandas = ["pandas", "pyarrow (>=4.0.0)"]
pyarrow = ["pyarrow (>=4.0.0)"]
sqlalchemy = ["pandas", "sqlalchemy"]
timezone = ["backports.zoneinfo", "tzdata"]
xlsx2csv = ["xlsx2csv (>=0.8.0)"]
xlsxwriter = ["xlsxwriter"]

[[package]]
name = "typing-extensions"
version = "4.5.0"
description = "Backported and Experimental Type Hints for Python 3.7+"
category = "main"
optional = false
python-versions = ">=3.7"
files = [
    {file = "typing_extensions-4.5.0-py3-none-any.whl", hash = "sha256:fb33085c39dd998ac16d1431ebc293a8b3eedd00fd4a32de0ff79002c19511b4"},
    {file = "typing_extensions-4.5.0.tar.gz", hash = "sha256:5cb5f4a79139d699607b3ef622a1dedafa84e115ab0024e0d9c044a9479ca7cb"},
]

[metadata]
lock-version = "2.0"
python-versions = "^3.8"
content-hash = "8298c03ac3368d72594f0b1b40f57fe9d76e676cab8c9e41f372e9e5df2c33e3"
