# This file is automatically @generated by Poetry 1.8.0.dev0 and should not be changed by hand.

[[package]]
name = "polars"
version = "0.20.29"
description = "Blazingly fast DataFrame library"
optional = false
python-versions = ">=3.8"
files = [
    {file = "polars-0.20.29-cp38-abi3-macosx_10_12_x86_64.whl", hash = "sha256:45e0de4839fd45385781f5bc1bf3d53571df16e04aa6722af094d34f689efaf1"},
    {file = "polars-0.20.29-cp38-abi3-macosx_11_0_arm64.whl", hash = "sha256:438e4c7e24a6d84dbebbe7a652dd818311ed23b7a3da384716b1db0f6d152e2a"},
    {file = "polars-0.20.29-cp38-abi3-manylinux_2_17_x86_64.manylinux2014_x86_64.whl", hash = "sha256:46dd26dd34cf4688025f821ac0591fc7fde24d6468c034228b0f74b76bb1bee3"},
    {file = "polars-0.20.29-cp38-abi3-manylinux_2_24_aarch64.whl", hash = "sha256:ac94306437435047c7530bb13f8a5a89b22dff18fc9a7d46380ae96eb1a04714"},
    {file = "polars-0.20.29-cp38-abi3-win_amd64.whl", hash = "sha256:cd9b4728beb4744d0cfd947d08f5a1ce2cec9529208645e950299a5297b4b0bc"},
    {file = "polars-0.20.29.tar.gz", hash = "sha256:79d9789afc33b0618400790f66045e590be61d0f47f45567a63e1b8b76ac0382"},
]

[package.extras]
adbc = ["adbc-driver-manager", "adbc-driver-sqlite"]
all = ["polars[adbc,async,cloudpickle,connectorx,deltalake,fastexcel,fsspec,gevent,iceberg,numpy,pandas,plot,pyarrow,pydantic,sqlalchemy,timezone,xlsx2csv,xlsxwriter]"]
async = ["nest-asyncio"]
cloudpickle = ["cloudpickle"]
connectorx = ["connectorx (>=0.3.2)"]
deltalake = ["deltalake (>=0.15.0)"]
fastexcel = ["fastexcel (>=0.9)"]
fsspec = ["fsspec"]
gevent = ["gevent"]
iceberg = ["pyiceberg (>=0.5.0)"]
matplotlib = ["matplotlib"]
numpy = ["numpy (>=1.16.0)"]
openpyxl = ["openpyxl (>=3.0.0)"]
pandas = ["pandas", "pyarrow (>=7.0.0)"]
plot = ["hvplot (>=0.9.1)"]
pyarrow = ["pyarrow (>=7.0.0)"]
pydantic = ["pydantic"]
pyxlsb = ["pyxlsb (>=1.0)"]
sqlalchemy = ["pandas", "sqlalchemy"]
timezone = ["backports-zoneinfo", "tzdata"]
xlsx2csv = ["xlsx2csv (>=0.8.0)"]
xlsxwriter = ["xlsxwriter"]

[metadata]
lock-version = "2.0"
python-versions = "^3.8"
content-hash = "4cebe9c0cd97927e842d35d8f56c4bbc768c6e783487d045dfcdef547d0cf6c7"
